
Microsoft Visual Studio Solution File, Format Version 12.00
# Visual Studio Version 16
VisualStudioVersion = 16.0.30320.27
MinimumVisualStudioVersion = 10.0.40219.1
Project("{9A19103F-16F7-4668-BE54-9A1E7A4F7556}") = "Mars Rover App", "Mars Rover App\Mars Rover App.csproj", "{1773C168-88AF-4BBD-B4D2-898222CA8EA5}"
EndProject
Project("{FAE04EC0-301F-11D3-BF4B-00C04F79EFBC}") = "Mars Rover Console App", "Mars Rover Console App\Mars Rover Console App.csproj", "{C09E8489-584E-4DF0-AC98-D7A9CB4C2E06}"
EndProject
Global
	GlobalSection(SolutionConfigurationPlatforms) = preSolution
		Debug|Any CPU = Debug|Any CPU
		Release|Any CPU = Release|Any CPU
	EndGlobalSection
	GlobalSection(ProjectConfigurationPlatforms) = postSolution
		{1773C168-88AF-4BBD-B4D2-898222CA8EA5}.Debug|Any CPU.ActiveCfg = Debug|Any CPU
		{1773C168-88AF-4BBD-B4D2-898222CA8EA5}.Debug|Any CPU.Build.0 = Debug|Any CPU
		{1773C168-88AF-4BBD-B4D2-898222CA8EA5}.Release|Any CPU.ActiveCfg = Release|Any CPU
		{1773C168-88AF-4BBD-B4D2-898222CA8EA5}.Release|Any CPU.Build.0 = Release|Any CPU
		{C09E8489-584E-4DF0-AC98-D7A9CB4C2E06}.Debug|Any CPU.ActiveCfg = Debug|Any CPU
		{C09E8489-584E-4DF0-AC98-D7A9CB4C2E06}.Debug|Any CPU.Build.0 = Debug|Any CPU
		{C09E8489-584E-4DF0-AC98-D7A9CB4C2E06}.Release|Any CPU.ActiveCfg = Release|Any CPU
		{C09E8489-584E-4DF0-AC98-D7A9CB4C2E06}.Release|Any CPU.Build.0 = Release|Any CPU
	EndGlobalSection
	GlobalSection(SolutionProperties) = preSolution
		HideSolutionNode = FALSE
	EndGlobalSection
	GlobalSection(ExtensibilityGlobals) = postSolution
		SolutionGuid = {C309627B-6568-4D45-9776-8C8A6A6607A2}
	EndGlobalSection
EndGlobal
